
Microsoft Visual Studio Solution File, Format Version 12.00
# Visual Studio 15
VisualStudioVersion = 15.0.27703.2042
MinimumVisualStudioVersion = 10.0.40219.1
Project("{FAE04EC0-301F-11D3-BF4B-00C04F79EFBC}") = "InsurranceApi", "InsurranceApi\InsurranceApi.csproj", "{17D2F94B-46BE-4C82-9A0A-D591241F9ED0}"
EndProject
Project("{FAE04EC0-301F-11D3-BF4B-00C04F79EFBC}") = "InsurranceApi.Tests", "InsurranceApi.Tests\InsurranceApi.Tests.csproj", "{BB6ABCC1-62D8-4FA7-9AA6-BB1F8B5FE64C}"
EndProject
Project("{FAE04EC0-301F-11D3-BF4B-00C04F79EFBC}") = "InsurranceLogic", "InsurranceLogic\InsurranceLogic.csproj", "{F2791D83-3CC5-47D7-8561-3F37523454BC}"
EndProject
Project("{FAE04EC0-301F-11D3-BF4B-00C04F79EFBC}") = "InsurranceFrontEnd", "WebApplication1\InsurranceFrontEnd.csproj", "{C1339CCD-94F7-4A62-9777-10D3B88DCF0E}"
EndProject
Project("{FAE04EC0-301F-11D3-BF4B-00C04F79EFBC}") = "FrontEndAngular", "FrontEndAngular\FrontEndAngular.csproj", "{53BB8688-ABCE-45B2-BBAC-8028BFFFADA8}"
EndProject
Global
	GlobalSection(SolutionConfigurationPlatforms) = preSolution
		Debug|Any CPU = Debug|Any CPU
		Release|Any CPU = Release|Any CPU
	EndGlobalSection
	GlobalSection(ProjectConfigurationPlatforms) = postSolution
		{17D2F94B-46BE-4C82-9A0A-D591241F9ED0}.Debug|Any CPU.ActiveCfg = Debug|Any CPU
		{17D2F94B-46BE-4C82-9A0A-D591241F9ED0}.Debug|Any CPU.Build.0 = Debug|Any CPU
		{17D2F94B-46BE-4C82-9A0A-D591241F9ED0}.Release|Any CPU.ActiveCfg = Release|Any CPU
		{17D2F94B-46BE-4C82-9A0A-D591241F9ED0}.Release|Any CPU.Build.0 = Release|Any CPU
		{BB6ABCC1-62D8-4FA7-9AA6-BB1F8B5FE64C}.Debug|Any CPU.ActiveCfg = Debug|Any CPU
		{BB6ABCC1-62D8-4FA7-9AA6-BB1F8B5FE64C}.Debug|Any CPU.Build.0 = Debug|Any CPU
		{BB6ABCC1-62D8-4FA7-9AA6-BB1F8B5FE64C}.Release|Any CPU.ActiveCfg = Release|Any CPU
		{BB6ABCC1-62D8-4FA7-9AA6-BB1F8B5FE64C}.Release|Any CPU.Build.0 = Release|Any CPU
		{F2791D83-3CC5-47D7-8561-3F37523454BC}.Debug|Any CPU.ActiveCfg = Debug|Any CPU
		{F2791D83-3CC5-47D7-8561-3F37523454BC}.Debug|Any CPU.Build.0 = Debug|Any CPU
		{F2791D83-3CC5-47D7-8561-3F37523454BC}.Release|Any CPU.ActiveCfg = Release|Any CPU
		{F2791D83-3CC5-47D7-8561-3F37523454BC}.Release|Any CPU.Build.0 = Release|Any CPU
		{C1339CCD-94F7-4A62-9777-10D3B88DCF0E}.Debug|Any CPU.ActiveCfg = Debug|Any CPU
		{C1339CCD-94F7-4A62-9777-10D3B88DCF0E}.Debug|Any CPU.Build.0 = Debug|Any CPU
		{C1339CCD-94F7-4A62-9777-10D3B88DCF0E}.Release|Any CPU.ActiveCfg = Release|Any CPU
		{C1339CCD-94F7-4A62-9777-10D3B88DCF0E}.Release|Any CPU.Build.0 = Release|Any CPU
		{53BB8688-ABCE-45B2-BBAC-8028BFFFADA8}.Debug|Any CPU.ActiveCfg = Debug|Any CPU
		{53BB8688-ABCE-45B2-BBAC-8028BFFFADA8}.Debug|Any CPU.Build.0 = Debug|Any CPU
		{53BB8688-ABCE-45B2-BBAC-8028BFFFADA8}.Release|Any CPU.ActiveCfg = Release|Any CPU
		{53BB8688-ABCE-45B2-BBAC-8028BFFFADA8}.Release|Any CPU.Build.0 = Release|Any CPU
	EndGlobalSection
	GlobalSection(SolutionProperties) = preSolution
		HideSolutionNode = FALSE
	EndGlobalSection
	GlobalSection(ExtensibilityGlobals) = postSolution
		SolutionGuid = {500857F5-73C7-4E79-83EB-3491ADC74B54}
	EndGlobalSection
EndGlobal
